// !$*UTF8*$!
{
	archiveVersion = 1;
	classes = {
	};
	objectVersion = 77;
	objects = {

/* Begin PBXBuildFile section */
		0FC77EB116A24E479974B09A /* ChannelGridView.swift in Sources */ = {isa = PBXBuildFile; fileRef = 5CDD19DB480D7EA1BDF1A6B8 /* ChannelGridView.swift */; };
		204BCD964362192FE76E5A50 /* ChannelViewModel.swift in Sources */ = {isa = PBXBuildFile; fileRef = 32E0E6E79F8143A03D6C4D34 /* ChannelViewModel.swift */; };
		2EC7E913870B3C3DA7285058 /* PersistenceService.swift in Sources */ = {isa = PBXBuildFile; fileRef = FB06466F5DD6AC338C8A3A61 /* PersistenceService.swift */; };
		340DC4A34841A887A3FA0043 /* FavoritesView.swift in Sources */ = {isa = PBXBuildFile; fileRef = B545642601855C6E7FFE1E12 /* FavoritesView.swift */; };
		425CDD9B46392792E029DDA2 /* RecentView.swift in Sources */ = {isa = PBXBuildFile; fileRef = F5FEAFF5BDB90070D9194A99 /* RecentView.swift */; };
		5F975C092EA3D77AB52B1652 /* Channel.swift in Sources */ = {isa = PBXBuildFile; fileRef = EA6F943F073F1DC63F64361C /* Channel.swift */; };
		6444AB1DA9C1F93649D4360E /* XtreamCredentials.swift in Sources */ = {isa = PBXBuildFile; fileRef = A1AC4DB866282BA25EB2A574 /* XtreamCredentials.swift */; };
		77AE483713C7C2A37AEC5B55 /* ColorExtensions.swift in Sources */ = {isa = PBXBuildFile; fileRef = 57063FD1F8E384850471BE43 /* ColorExtensions.swift */; };
		858983C84C1930F07161FE8C /* StreamioApp.swift in Sources */ = {isa = PBXBuildFile; fileRef = EE60E4200A5283D42D4887D7 /* StreamioApp.swift */; };
		8904DCB3317BA3D229DC8BEC /* AuthViewModel.swift in Sources */ = {isa = PBXBuildFile; fileRef = 6DFEBDC1AAC835BEAFFDFA28 /* AuthViewModel.swift */; };
		9BD6C4CF4C385017D2715505 /* XtreamCodesService.swift in Sources */ = {isa = PBXBuildFile; fileRef = 903E3AD8413F76F3A8C0CBB1 /* XtreamCodesService.swift */; };
		ACE439B0F0BC347F255BCDEA /* LoginView.swift in Sources */ = {isa = PBXBuildFile; fileRef = CB9333EEFF898C0CE7AD24C7 /* LoginView.swift */; };
		B1152F38AADB9976A20DC9D5 /* StreamModels.swift in Sources */ = {isa = PBXBuildFile; fileRef = 95E8EBD03CABE9C4503CAB4E /* StreamModels.swift */; };
		C5BF6A3962D7EE9394D420A5 /* PlayerView.swift in Sources */ = {isa = PBXBuildFile; fileRef = 85B647CB8BD95953DAF2FD80 /* PlayerView.swift */; };
		C67397B26EF952B13DEF177C /* SidebarView.swift in Sources */ = {isa = PBXBuildFile; fileRef = 1CD799165491DE5CBFCF793B /* SidebarView.swift */; };
		CDEB1CF33752341235BB027F /* RootView.swift in Sources */ = {isa = PBXBuildFile; fileRef = 4AF95B650504DE36EE8B5CA6 /* RootView.swift */; };
		EA8A283720B5AC4D2EBB595E /* HomeView.swift in Sources */ = {isa = PBXBuildFile; fileRef = 09C9919AFE2B31A3104BEF84 /* HomeView.swift */; };
/* End PBXBuildFile section */

/* Begin PBXFileReference section */
		09C9919AFE2B31A3104BEF84 /* HomeView.swift */ = {isa = PBXFileReference; lastKnownFileType = sourcecode.swift; path = HomeView.swift; sourceTree = "<group>"; };
		1CD799165491DE5CBFCF793B /* SidebarView.swift */ = {isa = PBXFileReference; lastKnownFileType = sourcecode.swift; path = SidebarView.swift; sourceTree = "<group>"; };
		1E202FB76A17765E6E73CE54 /* Streamio.entitlements */ = {isa = PBXFileReference; lastKnownFileType = text.plist.entitlements; path = Streamio.entitlements; sourceTree = "<group>"; };
		32E0E6E79F8143A03D6C4D34 /* ChannelViewModel.swift */ = {isa = PBXFileReference; lastKnownFileType = sourcecode.swift; path = ChannelViewModel.swift; sourceTree = "<group>"; };
		4AF95B650504DE36EE8B5CA6 /* RootView.swift */ = {isa = PBXFileReference; lastKnownFileType = sourcecode.swift; path = RootView.swift; sourceTree = "<group>"; };
		57063FD1F8E384850471BE43 /* ColorExtensions.swift */ = {isa = PBXFileReference; lastKnownFileType = sourcecode.swift; path = ColorExtensions.swift; sourceTree = "<group>"; };
		5CDD19DB480D7EA1BDF1A6B8 /* ChannelGridView.swift */ = {isa = PBXFileReference; lastKnownFileType = sourcecode.swift; path = ChannelGridView.swift; sourceTree = "<group>"; };
		6DFEBDC1AAC835BEAFFDFA28 /* AuthViewModel.swift */ = {isa = PBXFileReference; lastKnownFileType = sourcecode.swift; path = AuthViewModel.swift; sourceTree = "<group>"; };
		85B647CB8BD95953DAF2FD80 /* PlayerView.swift */ = {isa = PBXFileReference; lastKnownFileType = sourcecode.swift; path = PlayerView.swift; sourceTree = "<group>"; };
		903E3AD8413F76F3A8C0CBB1 /* XtreamCodesService.swift */ = {isa = PBXFileReference; lastKnownFileType = sourcecode.swift; path = XtreamCodesService.swift; sourceTree = "<group>"; };
		95E8EBD03CABE9C4503CAB4E /* StreamModels.swift */ = {isa = PBXFileReference; lastKnownFileType = sourcecode.swift; path = StreamModels.swift; sourceTree = "<group>"; };
		99478E2896DB6DC85012D1E3 /* Streamio.app */ = {isa = PBXFileReference; explicitFileType = wrapper.application; includeInIndex = 0; path = Streamio.app; sourceTree = BUILT_PRODUCTS_DIR; };
		9EEAE29B7E01A52C0B1EE062 /* Info.plist */ = {isa = PBXFileReference; lastKnownFileType = text.plist; path = Info.plist; sourceTree = "<group>"; };
		A1AC4DB866282BA25EB2A574 /* XtreamCredentials.swift */ = {isa = PBXFileReference; lastKnownFileType = sourcecode.swift; path = XtreamCredentials.swift; sourceTree = "<group>"; };
		B545642601855C6E7FFE1E12 /* FavoritesView.swift */ = {isa = PBXFileReference; lastKnownFileType = sourcecode.swift; path = FavoritesView.swift; sourceTree = "<group>"; };
		CB9333EEFF898C0CE7AD24C7 /* LoginView.swift */ = {isa = PBXFileReference; lastKnownFileType = sourcecode.swift; path = LoginView.swift; sourceTree = "<group>"; };
		EA6F943F073F1DC63F64361C /* Channel.swift */ = {isa = PBXFileReference; lastKnownFileType = sourcecode.swift; path = Channel.swift; sourceTree = "<group>"; };
		EE60E4200A5283D42D4887D7 /* StreamioApp.swift */ = {isa = PBXFileReference; lastKnownFileType = sourcecode.swift; path = StreamioApp.swift; sourceTree = "<group>"; };
		F5FEAFF5BDB90070D9194A99 /* RecentView.swift */ = {isa = PBXFileReference; lastKnownFileType = sourcecode.swift; path = RecentView.swift; sourceTree = "<group>"; };
		FB06466F5DD6AC338C8A3A61 /* PersistenceService.swift */ = {isa = PBXFileReference; lastKnownFileType = sourcecode.swift; path = PersistenceService.swift; sourceTree = "<group>"; };
/* End PBXFileReference section */

/* Begin PBXGroup section */
		1748BAD2595D4916904A84AC /* Services */ = {
			isa = PBXGroup;
			children = (
				FB06466F5DD6AC338C8A3A61 /* PersistenceService.swift */,
				903E3AD8413F76F3A8C0CBB1 /* XtreamCodesService.swift */,
			);
			path = Services;
			sourceTree = "<group>";
		};
		298ACB1CC40C231EB707C692 /* Resources */ = {
			isa = PBXGroup;
			children = (
				57063FD1F8E384850471BE43 /* ColorExtensions.swift */,
			);
			path = Resources;
			sourceTree = "<group>";
		};
		443F850EBCF78EC5081E5BD4 /* Favorites */ = {
			isa = PBXGroup;
			children = (
				B545642601855C6E7FFE1E12 /* FavoritesView.swift */,
			);
			path = Favorites;
			sourceTree = "<group>";
		};
		78CB07A755BC0561B3BC7806 /* Products */ = {
			isa = PBXGroup;
			children = (
				99478E2896DB6DC85012D1E3 /* Streamio.app */,
			);
			name = Products;
			sourceTree = "<group>";
		};
		7FD6655E852CCD9B7AC6D901 /* Login */ = {
			isa = PBXGroup;
			children = (
				CB9333EEFF898C0CE7AD24C7 /* LoginView.swift */,
			);
			path = Login;
			sourceTree = "<group>";
		};
		8AC00FD8E670FA9DDC02D01A /* Recent */ = {
			isa = PBXGroup;
			children = (
				F5FEAFF5BDB90070D9194A99 /* RecentView.swift */,
			);
			path = Recent;
			sourceTree = "<group>";
		};
		A32A840E4ABE7657570BD883 /* ViewModels */ = {
			isa = PBXGroup;
			children = (
				6DFEBDC1AAC835BEAFFDFA28 /* AuthViewModel.swift */,
				32E0E6E79F8143A03D6C4D34 /* ChannelViewModel.swift */,
			);
			path = ViewModels;
			sourceTree = "<group>";
		};
		AF533BE7BB6181AE24C1388B /* Models */ = {
			isa = PBXGroup;
			children = (
				EA6F943F073F1DC63F64361C /* Channel.swift */,
				95E8EBD03CABE9C4503CAB4E /* StreamModels.swift */,
				A1AC4DB866282BA25EB2A574 /* XtreamCredentials.swift */,
			);
			path = Models;
			sourceTree = "<group>";
		};
		B9B3CD4A52EEDC34463DC8B3 /* Home */ = {
			isa = PBXGroup;
			children = (
				5CDD19DB480D7EA1BDF1A6B8 /* ChannelGridView.swift */,
				09C9919AFE2B31A3104BEF84 /* HomeView.swift */,
				1CD799165491DE5CBFCF793B /* SidebarView.swift */,
			);
			path = Home;
			sourceTree = "<group>";
		};
		C2D8DE064EA23ED87CB1902E /* Player */ = {
			isa = PBXGroup;
			children = (
				85B647CB8BD95953DAF2FD80 /* PlayerView.swift */,
			);
			path = Player;
			sourceTree = "<group>";
		};
		D334513D8D813072FEB99FC4 = {
			isa = PBXGroup;
			children = (
				D38AE900E35D2CB38BEA597D /* Streamio */,
				78CB07A755BC0561B3BC7806 /* Products */,
			);
			sourceTree = "<group>";
		};
		D38AE900E35D2CB38BEA597D /* Streamio */ = {
			isa = PBXGroup;
			children = (
				9EEAE29B7E01A52C0B1EE062 /* Info.plist */,
				1E202FB76A17765E6E73CE54 /* Streamio.entitlements */,
				EE60E4200A5283D42D4887D7 /* StreamioApp.swift */,
				AF533BE7BB6181AE24C1388B /* Models */,
				298ACB1CC40C231EB707C692 /* Resources */,
				1748BAD2595D4916904A84AC /* Services */,
				A32A840E4ABE7657570BD883 /* ViewModels */,
				F655518618CC49C8697B3761 /* Views */,
			);
			path = Streamio;
			sourceTree = "<group>";
		};
		F655518618CC49C8697B3761 /* Views */ = {
			isa = PBXGroup;
			children = (
				4AF95B650504DE36EE8B5CA6 /* RootView.swift */,
				443F850EBCF78EC5081E5BD4 /* Favorites */,
				B9B3CD4A52EEDC34463DC8B3 /* Home */,
				7FD6655E852CCD9B7AC6D901 /* Login */,
				C2D8DE064EA23ED87CB1902E /* Player */,
				8AC00FD8E670FA9DDC02D01A /* Recent */,
			);
			path = Views;
			sourceTree = "<group>";
		};
/* End PBXGroup section */

/* Begin PBXNativeTarget section */
		0DFEF6A32DBDD9ECA2A0FEF6 /* Streamio */ = {
			isa = PBXNativeTarget;
			buildConfigurationList = 777913996768FF2CD5994F09 /* Build configuration list for PBXNativeTarget "Streamio" */;
			buildPhases = (
				E8D189E3B7FD6265FDDD7988 /* Sources */,
			);
			buildRules = (
			);
			dependencies = (
			);
			name = Streamio;
			packageProductDependencies = (
			);
			productName = Streamio;
			productReference = 99478E2896DB6DC85012D1E3 /* Streamio.app */;
			productType = "com.apple.product-type.application";
		};
/* End PBXNativeTarget section */

/* Begin PBXProject section */
		A8D87A9BBC0275B708A974C6 /* Project object */ = {
			isa = PBXProject;
			attributes = {
				BuildIndependentTargetsInParallel = YES;
				LastUpgradeCheck = 1500;
				TargetAttributes = {
					0DFEF6A32DBDD9ECA2A0FEF6 = {
						DevelopmentTeam = "";
						ProvisioningStyle = Automatic;
					};
				};
			};
			buildConfigurationList = 8D8EDEFE2FF913A525D05F83 /* Build configuration list for PBXProject "Streamio" */;
			developmentRegion = en;
			hasScannedForEncodings = 0;
			knownRegions = (
				Base,
				en,
			);
			mainGroup = D334513D8D813072FEB99FC4;
			minimizedProjectReferenceProxies = 1;
			preferredProjectObjectVersion = 77;
			productRefGroup = 78CB07A755BC0561B3BC7806 /* Products */;
			projectDirPath = "";
			projectRoot = "";
			targets = (
				0DFEF6A32DBDD9ECA2A0FEF6 /* Streamio */,
			);
		};
/* End PBXProject section */

/* Begin PBXSourcesBuildPhase section */
		E8D189E3B7FD6265FDDD7988 /* Sources */ = {
			isa = PBXSourcesBuildPhase;
			buildActionMask = 2147483647;
			files = (
				8904DCB3317BA3D229DC8BEC /* AuthViewModel.swift in Sources */,
				5F975C092EA3D77AB52B1652 /* Channel.swift in Sources */,
				0FC77EB116A24E479974B09A /* ChannelGridView.swift in Sources */,
				204BCD964362192FE76E5A50 /* ChannelViewModel.swift in Sources */,
				77AE483713C7C2A37AEC5B55 /* ColorExtensions.swift in Sources */,
				340DC4A34841A887A3FA0043 /* FavoritesView.swift in Sources */,
				EA8A283720B5AC4D2EBB595E /* HomeView.swift in Sources */,
				ACE439B0F0BC347F255BCDEA /* LoginView.swift in Sources */,
				2EC7E913870B3C3DA7285058 /* PersistenceService.swift in Sources */,
				C5BF6A3962D7EE9394D420A5 /* PlayerView.swift in Sources */,
				425CDD9B46392792E029DDA2 /* RecentView.swift in Sources */,
				CDEB1CF33752341235BB027F /* RootView.swift in Sources */,
				C67397B26EF952B13DEF177C /* SidebarView.swift in Sources */,
				B1152F38AADB9976A20DC9D5 /* StreamModels.swift in Sources */,
				858983C84C1930F07161FE8C /* StreamioApp.swift in Sources */,
				9BD6C4CF4C385017D2715505 /* XtreamCodesService.swift in Sources */,
				6444AB1DA9C1F93649D4360E /* XtreamCredentials.swift in Sources */,
			);
			runOnlyForDeploymentPostprocessing = 0;
		};
/* End PBXSourcesBuildPhase section */

/* Begin XCBuildConfiguration section */
		69941C07A8A1A379A83E1B29 /* Release */ = {
			isa = XCBuildConfiguration;
			buildSettings = {
				ALWAYS_SEARCH_USER_PATHS = NO;
				CLANG_ANALYZER_NONNULL = YES;
				CLANG_ANALYZER_NUMBER_OBJECT_CONVERSION = YES_AGGRESSIVE;
				CLANG_CXX_LANGUAGE_STANDARD = "gnu++14";
				CLANG_CXX_LIBRARY = "libc++";
				CLANG_ENABLE_MODULES = YES;
				CLANG_ENABLE_OBJC_ARC = YES;
				CLANG_ENABLE_OBJC_WEAK = YES;
				CLANG_WARN_BLOCK_CAPTURE_AUTORELEASING = YES;
				CLANG_WARN_BOOL_CONVERSION = YES;
				CLANG_WARN_COMMA = YES;
				CLANG_WARN_CONSTANT_CONVERSION = YES;
				CLANG_WARN_DEPRECATED_OBJC_IMPLEMENTATIONS = YES;
				CLANG_WARN_DIRECT_OBJC_ISA_USAGE = YES_ERROR;
				CLANG_WARN_DOCUMENTATION_COMMENTS = YES;
				CLANG_WARN_EMPTY_BODY = YES;
				CLANG_WARN_ENUM_CONVERSION = YES;
				CLANG_WARN_INFINITE_RECURSION = YES;
				CLANG_WARN_INT_CONVERSION = YES;
				CLANG_WARN_NON_LITERAL_NULL_CONVERSION = YES;
				CLANG_WARN_OBJC_IMPLICIT_RETAIN_SELF = YES;
				CLANG_WARN_OBJC_LITERAL_CONVERSION = YES;
				CLANG_WARN_OBJC_ROOT_CLASS = YES_ERROR;
				CLANG_WARN_QUOTED_INCLUDE_IN_FRAMEWORK_HEADER = YES;
				CLANG_WARN_RANGE_LOOP_ANALYSIS = YES;
				CLANG_WARN_STRICT_PROTOTYPES = YES;
				CLANG_WARN_SUSPICIOUS_MOVE = YES;
				CLANG_WARN_UNGUARDED_AVAILABILITY = YES_AGGRESSIVE;
				CLANG_WARN_UNREACHABLE_CODE = YES;
				CLANG_WARN__DUPLICATE_METHOD_MATCH = YES;
				CODE_SIGN_STYLE = Automatic;
				COPY_PHASE_STRIP = NO;
				DEBUG_INFORMATION_FORMAT = "dwarf-with-dsym";
				DEVELOPMENT_TEAM = "";
				ENABLE_HARDENED_RUNTIME = YES;
				ENABLE_NS_ASSERTIONS = NO;
				ENABLE_STRICT_OBJC_MSGSEND = YES;
				GCC_C_LANGUAGE_STANDARD = gnu11;
				GCC_NO_COMMON_BLOCKS = YES;
				GCC_WARN_64_TO_32_BIT_CONVERSION = YES;
				GCC_WARN_ABOUT_RETURN_TYPE = YES_ERROR;
				GCC_WARN_UNDECLARED_SELECTOR = YES;
				GCC_WARN_UNINITIALIZED_AUTOS = YES_AGGRESSIVE;
				GCC_WARN_UNUSED_FUNCTION = YES;
				GCC_WARN_UNUSED_VARIABLE = YES;
				MACOSX_DEPLOYMENT_TARGET = 14.0;
				MTL_ENABLE_DEBUG_INFO = NO;
				MTL_FAST_MATH = YES;
				PRODUCT_BUNDLE_IDENTIFIER = com.streamio.app;
				PRODUCT_NAME = "$(TARGET_NAME)";
				SDKROOT = macosx;
				SWIFT_COMPILATION_MODE = wholemodule;
				SWIFT_OPTIMIZATION_LEVEL = "-O";
				SWIFT_VERSION = 5.9;
			};
			name = Release;
		};
		8725C6F47AF67F10CC0E7069 /* Debug */ = {
			isa = XCBuildConfiguration;
			buildSettings = {
				ALWAYS_SEARCH_USER_PATHS = NO;
				CLANG_ANALYZER_NONNULL = YES;
				CLANG_ANALYZER_NUMBER_OBJECT_CONVERSION = YES_AGGRESSIVE;
				CLANG_CXX_LANGUAGE_STANDARD = "gnu++14";
				CLANG_CXX_LIBRARY = "libc++";
				CLANG_ENABLE_MODULES = YES;
				CLANG_ENABLE_OBJC_ARC = YES;
				CLANG_ENABLE_OBJC_WEAK = YES;
				CLANG_WARN_BLOCK_CAPTURE_AUTORELEASING = YES;
				CLANG_WARN_BOOL_CONVERSION = YES;
				CLANG_WARN_COMMA = YES;
				CLANG_WARN_CONSTANT_CONVERSION = YES;
				CLANG_WARN_DEPRECATED_OBJC_IMPLEMENTATIONS = YES;
				CLANG_WARN_DIRECT_OBJC_ISA_USAGE = YES_ERROR;
				CLANG_WARN_DOCUMENTATION_COMMENTS = YES;
				CLANG_WARN_EMPTY_BODY = YES;
				CLANG_WARN_ENUM_CONVERSION = YES;
				CLANG_WARN_INFINITE_RECURSION = YES;
				CLANG_WARN_INT_CONVERSION = YES;
				CLANG_WARN_NON_LITERAL_NULL_CONVERSION = YES;
				CLANG_WARN_OBJC_IMPLICIT_RETAIN_SELF = YES;
				CLANG_WARN_OBJC_LITERAL_CONVERSION = YES;
				CLANG_WARN_OBJC_ROOT_CLASS = YES_ERROR;
				CLANG_WARN_QUOTED_INCLUDE_IN_FRAMEWORK_HEADER = YES;
				CLANG_WARN_RANGE_LOOP_ANALYSIS = YES;
				CLANG_WARN_STRICT_PROTOTYPES = YES;
				CLANG_WARN_SUSPICIOUS_MOVE = YES;
				CLANG_WARN_UNGUARDED_AVAILABILITY = YES_AGGRESSIVE;
				CLANG_WARN_UNREACHABLE_CODE = YES;
				CLANG_WARN__DUPLICATE_METHOD_MATCH = YES;
				CODE_SIGN_STYLE = Automatic;
				COPY_PHASE_STRIP = NO;
				DEBUG_INFORMATION_FORMAT = dwarf;
				DEVELOPMENT_TEAM = "";
				ENABLE_HARDENED_RUNTIME = YES;
				ENABLE_STRICT_OBJC_MSGSEND = YES;
				ENABLE_TESTABILITY = YES;
				GCC_C_LANGUAGE_STANDARD = gnu11;
				GCC_DYNAMIC_NO_PIC = NO;
				GCC_NO_COMMON_BLOCKS = YES;
				GCC_OPTIMIZATION_LEVEL = 0;
				GCC_PREPROCESSOR_DEFINITIONS = (
					"$(inherited)",
					"DEBUG=1",
				);
				GCC_WARN_64_TO_32_BIT_CONVERSION = YES;
				GCC_WARN_ABOUT_RETURN_TYPE = YES_ERROR;
				GCC_WARN_UNDECLARED_SELECTOR = YES;
				GCC_WARN_UNINITIALIZED_AUTOS = YES_AGGRESSIVE;
				GCC_WARN_UNUSED_FUNCTION = YES;
				GCC_WARN_UNUSED_VARIABLE = YES;
				MACOSX_DEPLOYMENT_TARGET = 14.0;
				MTL_ENABLE_DEBUG_INFO = INCLUDE_SOURCE;
				MTL_FAST_MATH = YES;
				ONLY_ACTIVE_ARCH = YES;
				PRODUCT_BUNDLE_IDENTIFIER = com.streamio.app;
				PRODUCT_NAME = "$(TARGET_NAME)";
				SDKROOT = macosx;
				SWIFT_ACTIVE_COMPILATION_CONDITIONS = DEBUG;
				SWIFT_OPTIMIZATION_LEVEL = "-Onone";
				SWIFT_VERSION = 5.9;
			};
			name = Debug;
		};
		890738D246ACC507F34A8273 /* Debug */ = {
			isa = XCBuildConfiguration;
			buildSettings = {
				ASSETCATALOG_COMPILER_APPICON_NAME = AppIcon;
				CODE_SIGN_ENTITLEMENTS = Streamio/Streamio.entitlements;
				COMBINE_HIDPI_IMAGES = YES;
				INFOPLIST_FILE = Streamio/Info.plist;
				LD_RUNPATH_SEARCH_PATHS = (
					"$(inherited)",
					"@executable_path/../Frameworks",
				);
				MACOSX_DEPLOYMENT_TARGET = 14.0;
				PRODUCT_NAME = Streamio;
				SDKROOT = macosx;
				SWIFT_VERSION = 5.9;
			};
			name = Debug;
		};
		DEF482108BC0DE0F3BA39FD3 /* Release */ = {
			isa = XCBuildConfiguration;
			buildSettings = {
				ASSETCATALOG_COMPILER_APPICON_NAME = AppIcon;
				CODE_SIGN_ENTITLEMENTS = Streamio/Streamio.entitlements;
				COMBINE_HIDPI_IMAGES = YES;
				INFOPLIST_FILE = Streamio/Info.plist;
				LD_RUNPATH_SEARCH_PATHS = (
					"$(inherited)",
					"@executable_path/../Frameworks",
				);
				MACOSX_DEPLOYMENT_TARGET = 14.0;
				PRODUCT_NAME = Streamio;
				SDKROOT = macosx;
				SWIFT_VERSION = 5.9;
			};
			name = Release;
		};
/* End XCBuildConfiguration section */

/* Begin XCConfigurationList section */
		777913996768FF2CD5994F09 /* Build configuration list for PBXNativeTarget "Streamio" */ = {
			isa = XCConfigurationList;
			buildConfigurations = (
				890738D246ACC507F34A8273 /* Debug */,
				DEF482108BC0DE0F3BA39FD3 /* Release */,
			);
			defaultConfigurationIsVisible = 0;
			defaultConfigurationName = Debug;
		};
		8D8EDEFE2FF913A525D05F83 /* Build configuration list for PBXProject "Streamio" */ = {
			isa = XCConfigurationList;
			buildConfigurations = (
				8725C6F47AF67F10CC0E7069 /* Debug */,
				69941C07A8A1A379A83E1B29 /* Release */,
			);
			defaultConfigurationIsVisible = 0;
			defaultConfigurationName = Debug;
		};
/* End XCConfigurationList section */
	};
	rootObject = A8D87A9BBC0275B708A974C6 /* Project object */;
}
